
Microsoft Visual Studio Solution File, Format Version 12.00
# Visual Studio Version 16
VisualStudioVersion = 16.0.36227.6
MinimumVisualStudioVersion = 10.0.40219.1
Project("{FAE04EC0-301F-11D3-BF4B-00C04F79EFBC}") = "Project 1", "Project 1\Project 1.csproj", "{EC08AD52-F489-4FAE-B2CD-27AF38EB9BA9}"
EndProject
Global
	GlobalSection(SolutionConfigurationPlatforms) = preSolution
		Debug|Any CPU = Debug|Any CPU
		Release|Any CPU = Release|Any CPU
	EndGlobalSection
	GlobalSection(ProjectConfigurationPlatforms) = postSolution
		{EC08AD52-F489-4FAE-B2CD-27AF38EB9BA9}.Debug|Any CPU.ActiveCfg = Debug|Any CPU
		{EC08AD52-F489-4FAE-B2CD-27AF38EB9BA9}.Debug|Any CPU.Build.0 = Debug|Any CPU
		{EC08AD52-F489-4FAE-B2CD-27AF38EB9BA9}.Release|Any CPU.ActiveCfg = Release|Any CPU
		{EC08AD52-F489-4FAE-B2CD-27AF38EB9BA9}.Release|Any CPU.Build.0 = Release|Any CPU
	EndGlobalSection
	GlobalSection(SolutionProperties) = preSolution
		HideSolutionNode = FALSE
	EndGlobalSection
	GlobalSection(ExtensibilityGlobals) = postSolution
		SolutionGuid = {F519CFBA-B245-490B-903E-3B903DF99660}
	EndGlobalSection
EndGlobal
